# generated by rye
# use `rye lock` or `rye sync` to update this lockfile
#
# last locked with the following flags:
#   pre: false
#   features: []
#   all-features: false
#   with-sources: false
#   generate-hashes: false

-e file:.
numpy==2.0.0
    # via fluent-python-book
    # via pandas
pandas==2.2.2
    # via fluent-python-book
python-dateutil==2.9.0.post0
    # via pandas
pytz==2024.1
    # via pandas
ruff==0.5.0
    # via fluent-python-book
six==1.16.0
    # via python-dateutil
tzdata==2024.1
    # via pandas
